
Microsoft Visual Studio Solution File, Format Version 12.00
# Visual Studio Version 17
VisualStudioVersion = 17.9.34607.119
MinimumVisualStudioVersion = 10.0.40219.1
Project("{FAE04EC0-301F-11D3-BF4B-00C04F79EFBC}") = "Ocelot.Demo", "Ocelot.Demo\Ocelot.Demo.csproj", "{0A3F58B5-A311-4201-8F23-519D709B39B6}"
EndProject
Project("{FAE04EC0-301F-11D3-BF4B-00C04F79EFBC}") = "API", "API\API.csproj", "{1C146E1C-5817-46B8-9121-D5A42BB608B4}"
EndProject
Global
	GlobalSection(SolutionConfigurationPlatforms) = preSolution
		Debug|Any CPU = Debug|Any CPU
		Release|Any CPU = Release|Any CPU
	EndGlobalSection
	GlobalSection(ProjectConfigurationPlatforms) = postSolution
		{0A3F58B5-A311-4201-8F23-519D709B39B6}.Debug|Any CPU.ActiveCfg = Debug|Any CPU
		{0A3F58B5-A311-4201-8F23-519D709B39B6}.Debug|Any CPU.Build.0 = Debug|Any CPU
		{0A3F58B5-A311-4201-8F23-519D709B39B6}.Release|Any CPU.ActiveCfg = Release|Any CPU
		{0A3F58B5-A311-4201-8F23-519D709B39B6}.Release|Any CPU.Build.0 = Release|Any CPU
		{1C146E1C-5817-46B8-9121-D5A42BB608B4}.Debug|Any CPU.ActiveCfg = Debug|Any CPU
		{1C146E1C-5817-46B8-9121-D5A42BB608B4}.Debug|Any CPU.Build.0 = Debug|Any CPU
		{1C146E1C-5817-46B8-9121-D5A42BB608B4}.Release|Any CPU.ActiveCfg = Release|Any CPU
		{1C146E1C-5817-46B8-9121-D5A42BB608B4}.Release|Any CPU.Build.0 = Release|Any CPU
	EndGlobalSection
	GlobalSection(SolutionProperties) = preSolution
		HideSolutionNode = FALSE
	EndGlobalSection
	GlobalSection(ExtensibilityGlobals) = postSolution
		SolutionGuid = {5AA9F22A-62BD-4CC9-BC29-EC85D9FBD83F}
	EndGlobalSection
EndGlobal
